
Microsoft Visual Studio Solution File, Format Version 12.00
# Visual Studio 15
VisualStudioVersion = 15.0.28307.1433
MinimumVisualStudioVersion = 10.0.40219.1
Project("{FAE04EC0-301F-11D3-BF4B-00C04F79EFBC}") = "Impares", "Impares\Impares.csproj", "{0DF9C260-7C71-437C-8A61-1E71EDCC0876}"
EndProject
Global
	GlobalSection(SolutionConfigurationPlatforms) = preSolution
		Debug|Any CPU = Debug|Any CPU
		Release|Any CPU = Release|Any CPU
	EndGlobalSection
	GlobalSection(ProjectConfigurationPlatforms) = postSolution
		{0DF9C260-7C71-437C-8A61-1E71EDCC0876}.Debug|Any CPU.ActiveCfg = Debug|Any CPU
		{0DF9C260-7C71-437C-8A61-1E71EDCC0876}.Debug|Any CPU.Build.0 = Debug|Any CPU
		{0DF9C260-7C71-437C-8A61-1E71EDCC0876}.Release|Any CPU.ActiveCfg = Release|Any CPU
		{0DF9C260-7C71-437C-8A61-1E71EDCC0876}.Release|Any CPU.Build.0 = Release|Any CPU
	EndGlobalSection
	GlobalSection(SolutionProperties) = preSolution
		HideSolutionNode = FALSE
	EndGlobalSection
	GlobalSection(ExtensibilityGlobals) = postSolution
		SolutionGuid = {46FFD922-C657-432A-B356-610A63155B30}
	EndGlobalSection
EndGlobal
